// !$*UTF8*$!
{
	archiveVersion = 1;
	classes = {
	};
	objectVersion = 56;
	objects = {

/* Begin PBXBuildFile section */
		203995C12BC718C100D9104C /* Test_CarsoApp.swift in Sources */ = {isa = PBXBuildFile; fileRef = 203995C02BC718C100D9104C /* Test_CarsoApp.swift */; };
		203995C32BC718C100D9104C /* ContentView.swift in Sources */ = {isa = PBXBuildFile; fileRef = 203995C22BC718C100D9104C /* ContentView.swift */; };
		203995C52BC718C300D9104C /* Assets.xcassets in Resources */ = {isa = PBXBuildFile; fileRef = 203995C42BC718C300D9104C /* Assets.xcassets */; };
		203995C82BC718C300D9104C /* Preview Assets.xcassets in Resources */ = {isa = PBXBuildFile; fileRef = 203995C72BC718C300D9104C /* Preview Assets.xcassets */; };
		203995D22BC718C400D9104C /* Test_CarsoTests.swift in Sources */ = {isa = PBXBuildFile; fileRef = 203995D12BC718C400D9104C /* Test_CarsoTests.swift */; };
		203995DC2BC718C400D9104C /* Test_CarsoUITests.swift in Sources */ = {isa = PBXBuildFile; fileRef = 203995DB2BC718C400D9104C /* Test_CarsoUITests.swift */; };
		203995DE2BC718C400D9104C /* Test_CarsoUITestsLaunchTests.swift in Sources */ = {isa = PBXBuildFile; fileRef = 203995DD2BC718C400D9104C /* Test_CarsoUITestsLaunchTests.swift */; };
		203995EB2BC7229F00D9104C /* ViewModel.swift in Sources */ = {isa = PBXBuildFile; fileRef = 203995EA2BC7229E00D9104C /* ViewModel.swift */; };
		203995ED2BC7256000D9104C /* Model.swift in Sources */ = {isa = PBXBuildFile; fileRef = 203995EC2BC7256000D9104C /* Model.swift */; };
		203995EF2BC8DCE300D9104C /* PokemonDetalle.swift in Sources */ = {isa = PBXBuildFile; fileRef = 203995EE2BC8DCE300D9104C /* PokemonDetalle.swift */; };
		203995F32BCCD3B100D9104C /* CustomAsyncView.swift in Sources */ = {isa = PBXBuildFile; fileRef = 203995F22BCCD3B100D9104C /* CustomAsyncView.swift */; };
/* End PBXBuildFile section */

/* Begin PBXContainerItemProxy section */
		203995CE2BC718C400D9104C /* PBXContainerItemProxy */ = {
			isa = PBXContainerItemProxy;
			containerPortal = 203995B52BC718C100D9104C /* Project object */;
			proxyType = 1;
			remoteGlobalIDString = 203995BC2BC718C100D9104C;
			remoteInfo = Test_Carso;
		};
		203995D82BC718C400D9104C /* PBXContainerItemProxy */ = {
			isa = PBXContainerItemProxy;
			containerPortal = 203995B52BC718C100D9104C /* Project object */;
			proxyType = 1;
			remoteGlobalIDString = 203995BC2BC718C100D9104C;
			remoteInfo = Test_Carso;
		};
/* End PBXContainerItemProxy section */

/* Begin PBXFileReference section */
		203995BD2BC718C100D9104C /* Test_Carso.app */ = {isa = PBXFileReference; explicitFileType = wrapper.application; includeInIndex = 0; path = Test_Carso.app; sourceTree = BUILT_PRODUCTS_DIR; };
		203995C02BC718C100D9104C /* Test_CarsoApp.swift */ = {isa = PBXFileReference; lastKnownFileType = sourcecode.swift; path = Test_CarsoApp.swift; sourceTree = "<group>"; };
		203995C22BC718C100D9104C /* ContentView.swift */ = {isa = PBXFileReference; lastKnownFileType = sourcecode.swift; path = ContentView.swift; sourceTree = "<group>"; };
		203995C42BC718C300D9104C /* Assets.xcassets */ = {isa = PBXFileReference; lastKnownFileType = folder.assetcatalog; path = Assets.xcassets; sourceTree = "<group>"; };
		203995C72BC718C300D9104C /* Preview Assets.xcassets */ = {isa = PBXFileReference; lastKnownFileType = folder.assetcatalog; path = "Preview Assets.xcassets"; sourceTree = "<group>"; };
		203995CD2BC718C400D9104C /* Test_CarsoTests.xctest */ = {isa = PBXFileReference; explicitFileType = wrapper.cfbundle; includeInIndex = 0; path = Test_CarsoTests.xctest; sourceTree = BUILT_PRODUCTS_DIR; };
		203995D12BC718C400D9104C /* Test_CarsoTests.swift */ = {isa = PBXFileReference; lastKnownFileType = sourcecode.swift; path = Test_CarsoTests.swift; sourceTree = "<group>"; };
		203995D72BC718C400D9104C /* Test_CarsoUITests.xctest */ = {isa = PBXFileReference; explicitFileType = wrapper.cfbundle; includeInIndex = 0; path = Test_CarsoUITests.xctest; sourceTree = BUILT_PRODUCTS_DIR; };
		203995DB2BC718C400D9104C /* Test_CarsoUITests.swift */ = {isa = PBXFileReference; lastKnownFileType = sourcecode.swift; path = Test_CarsoUITests.swift; sourceTree = "<group>"; };
		203995DD2BC718C400D9104C /* Test_CarsoUITestsLaunchTests.swift */ = {isa = PBXFileReference; lastKnownFileType = sourcecode.swift; path = Test_CarsoUITestsLaunchTests.swift; sourceTree = "<group>"; };
		203995EA2BC7229E00D9104C /* ViewModel.swift */ = {isa = PBXFileReference; lastKnownFileType = sourcecode.swift; path = ViewModel.swift; sourceTree = "<group>"; };
		203995EC2BC7256000D9104C /* Model.swift */ = {isa = PBXFileReference; lastKnownFileType = sourcecode.swift; path = Model.swift; sourceTree = "<group>"; };
		203995EE2BC8DCE300D9104C /* PokemonDetalle.swift */ = {isa = PBXFileReference; lastKnownFileType = sourcecode.swift; path = PokemonDetalle.swift; sourceTree = "<group>"; };
		203995F22BCCD3B100D9104C /* CustomAsyncView.swift */ = {isa = PBXFileReference; lastKnownFileType = sourcecode.swift; path = CustomAsyncView.swift; sourceTree = "<group>"; };
/* End PBXFileReference section */

/* Begin PBXFrameworksBuildPhase section */
		203995BA2BC718C100D9104C /* Frameworks */ = {
			isa = PBXFrameworksBuildPhase;
			buildActionMask = 2147483647;
			files = (
			);
			runOnlyForDeploymentPostprocessing = 0;
		};
		203995CA2BC718C400D9104C /* Frameworks */ = {
			isa = PBXFrameworksBuildPhase;
			buildActionMask = 2147483647;
			files = (
			);
			runOnlyForDeploymentPostprocessing = 0;
		};
		203995D42BC718C400D9104C /* Frameworks */ = {
			isa = PBXFrameworksBuildPhase;
			buildActionMask = 2147483647;
			files = (
			);
			runOnlyForDeploymentPostprocessing = 0;
		};
/* End PBXFrameworksBuildPhase section */

/* Begin PBXGroup section */
		203995B42BC718C100D9104C = {
			isa = PBXGroup;
			children = (
				203995BF2BC718C100D9104C /* Test_Carso */,
				203995D02BC718C400D9104C /* Test_CarsoTests */,
				203995DA2BC718C400D9104C /* Test_CarsoUITests */,
				203995BE2BC718C100D9104C /* Products */,
			);
			sourceTree = "<group>";
		};
		203995BE2BC718C100D9104C /* Products */ = {
			isa = PBXGroup;
			children = (
				203995BD2BC718C100D9104C /* Test_Carso.app */,
				203995CD2BC718C400D9104C /* Test_CarsoTests.xctest */,
				203995D72BC718C400D9104C /* Test_CarsoUITests.xctest */,
			);
			name = Products;
			sourceTree = "<group>";
		};
		203995BF2BC718C100D9104C /* Test_Carso */ = {
			isa = PBXGroup;
			children = (
				203995C02BC718C100D9104C /* Test_CarsoApp.swift */,
				203995C22BC718C100D9104C /* ContentView.swift */,
				203995EE2BC8DCE300D9104C /* PokemonDetalle.swift */,
				203995EA2BC7229E00D9104C /* ViewModel.swift */,
				203995EC2BC7256000D9104C /* Model.swift */,
				203995C42BC718C300D9104C /* Assets.xcassets */,
				203995C62BC718C300D9104C /* Preview Content */,
				203995F22BCCD3B100D9104C /* CustomAsyncView.swift */,
			);
			path = Test_Carso;
			sourceTree = "<group>";
		};
		203995C62BC718C300D9104C /* Preview Content */ = {
			isa = PBXGroup;
			children = (
				203995C72BC718C300D9104C /* Preview Assets.xcassets */,
			);
			path = "Preview Content";
			sourceTree = "<group>";
		};
		203995D02BC718C400D9104C /* Test_CarsoTests */ = {
			isa = PBXGroup;
			children = (
				203995D12BC718C400D9104C /* Test_CarsoTests.swift */,
			);
			path = Test_CarsoTests;
			sourceTree = "<group>";
		};
		203995DA2BC718C400D9104C /* Test_CarsoUITests */ = {
			isa = PBXGroup;
			children = (
				203995DB2BC718C400D9104C /* Test_CarsoUITests.swift */,
				203995DD2BC718C400D9104C /* Test_CarsoUITestsLaunchTests.swift */,
			);
			path = Test_CarsoUITests;
			sourceTree = "<group>";
		};
/* End PBXGroup section */

/* Begin PBXNativeTarget section */
		203995BC2BC718C100D9104C /* Test_Carso */ = {
			isa = PBXNativeTarget;
			buildConfigurationList = 203995E12BC718C400D9104C /* Build configuration list for PBXNativeTarget "Test_Carso" */;
			buildPhases = (
				203995B92BC718C100D9104C /* Sources */,
				203995BA2BC718C100D9104C /* Frameworks */,
				203995BB2BC718C100D9104C /* Resources */,
			);
			buildRules = (
			);
			dependencies = (
			);
			name = Test_Carso;
			productName = Test_Carso;
			productReference = 203995BD2BC718C100D9104C /* Test_Carso.app */;
			productType = "com.apple.product-type.application";
		};
		203995CC2BC718C400D9104C /* Test_CarsoTests */ = {
			isa = PBXNativeTarget;
			buildConfigurationList = 203995E42BC718C400D9104C /* Build configuration list for PBXNativeTarget "Test_CarsoTests" */;
			buildPhases = (
				203995C92BC718C400D9104C /* Sources */,
				203995CA2BC718C400D9104C /* Frameworks */,
				203995CB2BC718C400D9104C /* Resources */,
			);
			buildRules = (
			);
			dependencies = (
				203995CF2BC718C400D9104C /* PBXTargetDependency */,
			);
			name = Test_CarsoTests;
			productName = Test_CarsoTests;
			productReference = 203995CD2BC718C400D9104C /* Test_CarsoTests.xctest */;
			productType = "com.apple.product-type.bundle.unit-test";
		};
		203995D62BC718C400D9104C /* Test_CarsoUITests */ = {
			isa = PBXNativeTarget;
			buildConfigurationList = 203995E72BC718C400D9104C /* Build configuration list for PBXNativeTarget "Test_CarsoUITests" */;
			buildPhases = (
				203995D32BC718C400D9104C /* Sources */,
				203995D42BC718C400D9104C /* Frameworks */,
				203995D52BC718C400D9104C /* Resources */,
			);
			buildRules = (
			);
			dependencies = (
				203995D92BC718C400D9104C /* PBXTargetDependency */,
			);
			name = Test_CarsoUITests;
			productName = Test_CarsoUITests;
			productReference = 203995D72BC718C400D9104C /* Test_CarsoUITests.xctest */;
			productType = "com.apple.product-type.bundle.ui-testing";
		};
/* End PBXNativeTarget section */

/* Begin PBXProject section */
		203995B52BC718C100D9104C /* Project object */ = {
			isa = PBXProject;
			attributes = {
				BuildIndependentTargetsInParallel = 1;
				LastSwiftUpdateCheck = 1520;
				LastUpgradeCheck = 1520;
				TargetAttributes = {
					203995BC2BC718C100D9104C = {
						CreatedOnToolsVersion = 15.2;
					};
					203995CC2BC718C400D9104C = {
						CreatedOnToolsVersion = 15.2;
						TestTargetID = 203995BC2BC718C100D9104C;
					};
					203995D62BC718C400D9104C = {
						CreatedOnToolsVersion = 15.2;
						TestTargetID = 203995BC2BC718C100D9104C;
					};
				};
			};
			buildConfigurationList = 203995B82BC718C100D9104C /* Build configuration list for PBXProject "Test_Carso" */;
			compatibilityVersion = "Xcode 14.0";
			developmentRegion = en;
			hasScannedForEncodings = 0;
			knownRegions = (
				en,
				Base,
			);
			mainGroup = 203995B42BC718C100D9104C;
			productRefGroup = 203995BE2BC718C100D9104C /* Products */;
			projectDirPath = "";
			projectRoot = "";
			targets = (
				203995BC2BC718C100D9104C /* Test_Carso */,
				203995CC2BC718C400D9104C /* Test_CarsoTests */,
				203995D62BC718C400D9104C /* Test_CarsoUITests */,
			);
		};
/* End PBXProject section */

/* Begin PBXResourcesBuildPhase section */
		203995BB2BC718C100D9104C /* Resources */ = {
			isa = PBXResourcesBuildPhase;
			buildActionMask = 2147483647;
			files = (
				203995C82BC718C300D9104C /* Preview Assets.xcassets in Resources */,
				203995C52BC718C300D9104C /* Assets.xcassets in Resources */,
			);
			runOnlyForDeploymentPostprocessing = 0;
		};
		203995CB2BC718C400D9104C /* Resources */ = {
			isa = PBXResourcesBuildPhase;
			buildActionMask = 2147483647;
			files = (
			);
			runOnlyForDeploymentPostprocessing = 0;
		};
		203995D52BC718C400D9104C /* Resources */ = {
			isa = PBXResourcesBuildPhase;
			buildActionMask = 2147483647;
			files = (
			);
			runOnlyForDeploymentPostprocessing = 0;
		};
/* End PBXResourcesBuildPhase section */

/* Begin PBXSourcesBuildPhase section */
		203995B92BC718C100D9104C /* Sources */ = {
			isa = PBXSourcesBuildPhase;
			buildActionMask = 2147483647;
			files = (
				203995EF2BC8DCE300D9104C /* PokemonDetalle.swift in Sources */,
				203995C32BC718C100D9104C /* ContentView.swift in Sources */,
				203995F32BCCD3B100D9104C /* CustomAsyncView.swift in Sources */,
				203995EB2BC7229F00D9104C /* ViewModel.swift in Sources */,
				203995C12BC718C100D9104C /* Test_CarsoApp.swift in Sources */,
				203995ED2BC7256000D9104C /* Model.swift in Sources */,
			);
			runOnlyForDeploymentPostprocessing = 0;
		};
		203995C92BC718C400D9104C /* Sources */ = {
			isa = PBXSourcesBuildPhase;
			buildActionMask = 2147483647;
			files = (
				203995D22BC718C400D9104C /* Test_CarsoTests.swift in Sources */,
			);
			runOnlyForDeploymentPostprocessing = 0;
		};
		203995D32BC718C400D9104C /* Sources */ = {
			isa = PBXSourcesBuildPhase;
			buildActionMask = 2147483647;
			files = (
				203995DC2BC718C400D9104C /* Test_CarsoUITests.swift in Sources */,
				203995DE2BC718C400D9104C /* Test_CarsoUITestsLaunchTests.swift in Sources */,
			);
			runOnlyForDeploymentPostprocessing = 0;
		};
/* End PBXSourcesBuildPhase section */

/* Begin PBXTargetDependency section */
		203995CF2BC718C400D9104C /* PBXTargetDependency */ = {
			isa = PBXTargetDependency;
			target = 203995BC2BC718C100D9104C /* Test_Carso */;
			targetProxy = 203995CE2BC718C400D9104C /* PBXContainerItemProxy */;
		};
		203995D92BC718C400D9104C /* PBXTargetDependency */ = {
			isa = PBXTargetDependency;
			target = 203995BC2BC718C100D9104C /* Test_Carso */;
			targetProxy = 203995D82BC718C400D9104C /* PBXContainerItemProxy */;
		};
/* End PBXTargetDependency section */

/* Begin XCBuildConfiguration section */
		203995DF2BC718C400D9104C /* Debug */ = {
			isa = XCBuildConfiguration;
			buildSettings = {
				ALWAYS_SEARCH_USER_PATHS = NO;
				ASSETCATALOG_COMPILER_GENERATE_SWIFT_ASSET_SYMBOL_EXTENSIONS = YES;
				CLANG_ANALYZER_NONNULL = YES;
				CLANG_ANALYZER_NUMBER_OBJECT_CONVERSION = YES_AGGRESSIVE;
				CLANG_CXX_LANGUAGE_STANDARD = "gnu++20";
				CLANG_ENABLE_MODULES = YES;
				CLANG_ENABLE_OBJC_ARC = YES;
				CLANG_ENABLE_OBJC_WEAK = YES;
				CLANG_WARN_BLOCK_CAPTURE_AUTORELEASING = YES;
				CLANG_WARN_BOOL_CONVERSION = YES;
				CLANG_WARN_COMMA = YES;
				CLANG_WARN_CONSTANT_CONVERSION = YES;
				CLANG_WARN_DEPRECATED_OBJC_IMPLEMENTATIONS = YES;
				CLANG_WARN_DIRECT_OBJC_ISA_USAGE = YES_ERROR;
				CLANG_WARN_DOCUMENTATION_COMMENTS = YES;
				CLANG_WARN_EMPTY_BODY = YES;
				CLANG_WARN_ENUM_CONVERSION = YES;
				CLANG_WARN_INFINITE_RECURSION = YES;
				CLANG_WARN_INT_CONVERSION = YES;
				CLANG_WARN_NON_LITERAL_NULL_CONVERSION = YES;
				CLANG_WARN_OBJC_IMPLICIT_RETAIN_SELF = YES;
				CLANG_WARN_OBJC_LITERAL_CONVERSION = YES;
				CLANG_WARN_OBJC_ROOT_CLASS = YES_ERROR;
				CLANG_WARN_QUOTED_INCLUDE_IN_FRAMEWORK_HEADER = YES;
				CLANG_WARN_RANGE_LOOP_ANALYSIS = YES;
				CLANG_WARN_STRICT_PROTOTYPES = YES;
				CLANG_WARN_SUSPICIOUS_MOVE = YES;
				CLANG_WARN_UNGUARDED_AVAILABILITY = YES_AGGRESSIVE;
				CLANG_WARN_UNREACHABLE_CODE = YES;
				CLANG_WARN__DUPLICATE_METHOD_MATCH = YES;
				COPY_PHASE_STRIP = NO;
				DEBUG_INFORMATION_FORMAT = dwarf;
				ENABLE_STRICT_OBJC_MSGSEND = YES;
				ENABLE_TESTABILITY = YES;
				ENABLE_USER_SCRIPT_SANDBOXING = YES;
				GCC_C_LANGUAGE_STANDARD = gnu17;
				GCC_DYNAMIC_NO_PIC = NO;
				GCC_NO_COMMON_BLOCKS = YES;
				GCC_OPTIMIZATION_LEVEL = 0;
				GCC_PREPROCESSOR_DEFINITIONS = (
					"DEBUG=1",
					"$(inherited)",
				);
				GCC_WARN_64_TO_32_BIT_CONVERSION = YES;
				GCC_WARN_ABOUT_RETURN_TYPE = YES_ERROR;
				GCC_WARN_UNDECLARED_SELECTOR = YES;
				GCC_WARN_UNINITIALIZED_AUTOS = YES_AGGRESSIVE;
				GCC_WARN_UNUSED_FUNCTION = YES;
				GCC_WARN_UNUSED_VARIABLE = YES;
				IPHONEOS_DEPLOYMENT_TARGET = 17.2;
				LOCALIZATION_PREFERS_STRING_CATALOGS = YES;
				MTL_ENABLE_DEBUG_INFO = INCLUDE_SOURCE;
				MTL_FAST_MATH = YES;
				ONLY_ACTIVE_ARCH = YES;
				SDKROOT = iphoneos;
				SWIFT_ACTIVE_COMPILATION_CONDITIONS = "DEBUG $(inherited)";
				SWIFT_OPTIMIZATION_LEVEL = "-Onone";
			};
			name = Debug;
		};
		203995E02BC718C400D9104C /* Release */ = {
			isa = XCBuildConfiguration;
			buildSettings = {
				ALWAYS_SEARCH_USER_PATHS = NO;
				ASSETCATALOG_COMPILER_GENERATE_SWIFT_ASSET_SYMBOL_EXTENSIONS = YES;
				CLANG_ANALYZER_NONNULL = YES;
				CLANG_ANALYZER_NUMBER_OBJECT_CONVERSION = YES_AGGRESSIVE;
				CLANG_CXX_LANGUAGE_STANDARD = "gnu++20";
				CLANG_ENABLE_MODULES = YES;
				CLANG_ENABLE_OBJC_ARC = YES;
				CLANG_ENABLE_OBJC_WEAK = YES;
				CLANG_WARN_BLOCK_CAPTURE_AUTORELEASING = YES;
				CLANG_WARN_BOOL_CONVERSION = YES;
				CLANG_WARN_COMMA = YES;
				CLANG_WARN_CONSTANT_CONVERSION = YES;
				CLANG_WARN_DEPRECATED_OBJC_IMPLEMENTATIONS = YES;
				CLANG_WARN_DIRECT_OBJC_ISA_USAGE = YES_ERROR;
				CLANG_WARN_DOCUMENTATION_COMMENTS = YES;
				CLANG_WARN_EMPTY_BODY = YES;
				CLANG_WARN_ENUM_CONVERSION = YES;
				CLANG_WARN_INFINITE_RECURSION = YES;
				CLANG_WARN_INT_CONVERSION = YES;
				CLANG_WARN_NON_LITERAL_NULL_CONVERSION = YES;
				CLANG_WARN_OBJC_IMPLICIT_RETAIN_SELF = YES;
				CLANG_WARN_OBJC_LITERAL_CONVERSION = YES;
				CLANG_WARN_OBJC_ROOT_CLASS = YES_ERROR;
				CLANG_WARN_QUOTED_INCLUDE_IN_FRAMEWORK_HEADER = YES;
				CLANG_WARN_RANGE_LOOP_ANALYSIS = YES;
				CLANG_WARN_STRICT_PROTOTYPES = YES;
				CLANG_WARN_SUSPICIOUS_MOVE = YES;
				CLANG_WARN_UNGUARDED_AVAILABILITY = YES_AGGRESSIVE;
				CLANG_WARN_UNREACHABLE_CODE = YES;
				CLANG_WARN__DUPLICATE_METHOD_MATCH = YES;
				COPY_PHASE_STRIP = NO;
				DEBUG_INFORMATION_FORMAT = "dwarf-with-dsym";
				ENABLE_NS_ASSERTIONS = NO;
				ENABLE_STRICT_OBJC_MSGSEND = YES;
				ENABLE_USER_SCRIPT_SANDBOXING = YES;
				GCC_C_LANGUAGE_STANDARD = gnu17;
				GCC_NO_COMMON_BLOCKS = YES;
				GCC_WARN_64_TO_32_BIT_CONVERSION = YES;
				GCC_WARN_ABOUT_RETURN_TYPE = YES_ERROR;
				GCC_WARN_UNDECLARED_SELECTOR = YES;
				GCC_WARN_UNINITIALIZED_AUTOS = YES_AGGRESSIVE;
				GCC_WARN_UNUSED_FUNCTION = YES;
				GCC_WARN_UNUSED_VARIABLE = YES;
				IPHONEOS_DEPLOYMENT_TARGET = 17.2;
				LOCALIZATION_PREFERS_STRING_CATALOGS = YES;
				MTL_ENABLE_DEBUG_INFO = NO;
				MTL_FAST_MATH = YES;
				SDKROOT = iphoneos;
				SWIFT_COMPILATION_MODE = wholemodule;
				VALIDATE_PRODUCT = YES;
			};
			name = Release;
		};
		203995E22BC718C400D9104C /* Debug */ = {
			isa = XCBuildConfiguration;
			buildSettings = {
				ASSETCATALOG_COMPILER_APPICON_NAME = AppIcon;
				ASSETCATALOG_COMPILER_GLOBAL_ACCENT_COLOR_NAME = AccentColor;
				CODE_SIGN_STYLE = Automatic;
				CURRENT_PROJECT_VERSION = 1;
				DEVELOPMENT_ASSET_PATHS = "\"Test_Carso/Preview Content\"";
				DEVELOPMENT_TEAM = 88BB53ELV9;
				ENABLE_PREVIEWS = YES;
				GENERATE_INFOPLIST_FILE = YES;
				INFOPLIST_KEY_CFBundleDisplayName = Pokedex;
				INFOPLIST_KEY_UIApplicationSceneManifest_Generation = YES;
				INFOPLIST_KEY_UIApplicationSupportsIndirectInputEvents = YES;
				INFOPLIST_KEY_UILaunchScreen_Generation = YES;
				INFOPLIST_KEY_UISupportedInterfaceOrientations = UIInterfaceOrientationPortrait;
				IPHONEOS_DEPLOYMENT_TARGET = 17.0;
				LD_RUNPATH_SEARCH_PATHS = (
					"$(inherited)",
					"@executable_path/Frameworks",
				);
				MARKETING_VERSION = 1.0;
				PRODUCT_BUNDLE_IDENTIFIER = "com.alexg.Test-Carso";
				PRODUCT_NAME = "$(TARGET_NAME)";
				SWIFT_EMIT_LOC_STRINGS = YES;
				SWIFT_VERSION = 5.0;
				TARGETED_DEVICE_FAMILY = "1,2";
			};
			name = Debug;
		};
		203995E32BC718C400D9104C /* Release */ = {
			isa = XCBuildConfiguration;
			buildSettings = {
				ASSETCATALOG_COMPILER_APPICON_NAME = AppIcon;
				ASSETCATALOG_COMPILER_GLOBAL_ACCENT_COLOR_NAME = AccentColor;
				CODE_SIGN_STYLE = Automatic;
				CURRENT_PROJECT_VERSION = 1;
				DEVELOPMENT_ASSET_PATHS = "\"Test_Carso/Preview Content\"";
				DEVELOPMENT_TEAM = 88BB53ELV9;
				ENABLE_PREVIEWS = YES;
				GENERATE_INFOPLIST_FILE = YES;
				INFOPLIST_KEY_CFBundleDisplayName = Pokedex;
				INFOPLIST_KEY_UIApplicationSceneManifest_Generation = YES;
				INFOPLIST_KEY_UIApplicationSupportsIndirectInputEvents = YES;
				INFOPLIST_KEY_UILaunchScreen_Generation = YES;
				INFOPLIST_KEY_UISupportedInterfaceOrientations = UIInterfaceOrientationPortrait;
				IPHONEOS_DEPLOYMENT_TARGET = 17.0;
				LD_RUNPATH_SEARCH_PATHS = (
					"$(inherited)",
					"@executable_path/Frameworks",
				);
				MARKETING_VERSION = 1.0;
				PRODUCT_BUNDLE_IDENTIFIER = "com.alexg.Test-Carso";
				PRODUCT_NAME = "$(TARGET_NAME)";
				SWIFT_EMIT_LOC_STRINGS = YES;
				SWIFT_VERSION = 5.0;
				TARGETED_DEVICE_FAMILY = "1,2";
			};
			name = Release;
		};
		203995E52BC718C400D9104C /* Debug */ = {
			isa = XCBuildConfiguration;
			buildSettings = {
				ALWAYS_EMBED_SWIFT_STANDARD_LIBRARIES = YES;
				BUNDLE_LOADER = "$(TEST_HOST)";
				CODE_SIGN_STYLE = Automatic;
				CURRENT_PROJECT_VERSION = 1;
				GENERATE_INFOPLIST_FILE = YES;
				IPHONEOS_DEPLOYMENT_TARGET = 17.2;
				MARKETING_VERSION = 1.0;
				PRODUCT_BUNDLE_IDENTIFIER = "com.alexg.Test-CarsoTests";
				PRODUCT_NAME = "$(TARGET_NAME)";
				SWIFT_EMIT_LOC_STRINGS = NO;
				SWIFT_VERSION = 5.0;
				TARGETED_DEVICE_FAMILY = "1,2";
				TEST_HOST = "$(BUILT_PRODUCTS_DIR)/Test_Carso.app/$(BUNDLE_EXECUTABLE_FOLDER_PATH)/Test_Carso";
			};
			name = Debug;
		};
		203995E62BC718C400D9104C /* Release */ = {
			isa = XCBuildConfiguration;
			buildSettings = {
				ALWAYS_EMBED_SWIFT_STANDARD_LIBRARIES = YES;
				BUNDLE_LOADER = "$(TEST_HOST)";
				CODE_SIGN_STYLE = Automatic;
				CURRENT_PROJECT_VERSION = 1;
				GENERATE_INFOPLIST_FILE = YES;
				IPHONEOS_DEPLOYMENT_TARGET = 17.2;
				MARKETING_VERSION = 1.0;
				PRODUCT_BUNDLE_IDENTIFIER = "com.alexg.Test-CarsoTests";
				PRODUCT_NAME = "$(TARGET_NAME)";
				SWIFT_EMIT_LOC_STRINGS = NO;
				SWIFT_VERSION = 5.0;
				TARGETED_DEVICE_FAMILY = "1,2";
				TEST_HOST = "$(BUILT_PRODUCTS_DIR)/Test_Carso.app/$(BUNDLE_EXECUTABLE_FOLDER_PATH)/Test_Carso";
			};
			name = Release;
		};
		203995E82BC718C400D9104C /* Debug */ = {
			isa = XCBuildConfiguration;
			buildSettings = {
				ALWAYS_EMBED_SWIFT_STANDARD_LIBRARIES = YES;
				CODE_SIGN_STYLE = Automatic;
				CURRENT_PROJECT_VERSION = 1;
				GENERATE_INFOPLIST_FILE = YES;
				MARKETING_VERSION = 1.0;
				PRODUCT_BUNDLE_IDENTIFIER = "com.alexg.Test-CarsoUITests";
				PRODUCT_NAME = "$(TARGET_NAME)";
				SWIFT_EMIT_LOC_STRINGS = NO;
				SWIFT_VERSION = 5.0;
				TARGETED_DEVICE_FAMILY = "1,2";
				TEST_TARGET_NAME = Test_Carso;
			};
			name = Debug;
		};
		203995E92BC718C400D9104C /* Release */ = {
			isa = XCBuildConfiguration;
			buildSettings = {
				ALWAYS_EMBED_SWIFT_STANDARD_LIBRARIES = YES;
				CODE_SIGN_STYLE = Automatic;
				CURRENT_PROJECT_VERSION = 1;
				GENERATE_INFOPLIST_FILE = YES;
				MARKETING_VERSION = 1.0;
				PRODUCT_BUNDLE_IDENTIFIER = "com.alexg.Test-CarsoUITests";
				PRODUCT_NAME = "$(TARGET_NAME)";
				SWIFT_EMIT_LOC_STRINGS = NO;
				SWIFT_VERSION = 5.0;
				TARGETED_DEVICE_FAMILY = "1,2";
				TEST_TARGET_NAME = Test_Carso;
			};
			name = Release;
		};
/* End XCBuildConfiguration section */

/* Begin XCConfigurationList section */
		203995B82BC718C100D9104C /* Build configuration list for PBXProject "Test_Carso" */ = {
			isa = XCConfigurationList;
			buildConfigurations = (
				203995DF2BC718C400D9104C /* Debug */,
				203995E02BC718C400D9104C /* Release */,
			);
			defaultConfigurationIsVisible = 0;
			defaultConfigurationName = Release;
		};
		203995E12BC718C400D9104C /* Build configuration list for PBXNativeTarget "Test_Carso" */ = {
			isa = XCConfigurationList;
			buildConfigurations = (
				203995E22BC718C400D9104C /* Debug */,
				203995E32BC718C400D9104C /* Release */,
			);
			defaultConfigurationIsVisible = 0;
			defaultConfigurationName = Release;
		};
		203995E42BC718C400D9104C /* Build configuration list for PBXNativeTarget "Test_CarsoTests" */ = {
			isa = XCConfigurationList;
			buildConfigurations = (
				203995E52BC718C400D9104C /* Debug */,
				203995E62BC718C400D9104C /* Release */,
			);
			defaultConfigurationIsVisible = 0;
			defaultConfigurationName = Release;
		};
		203995E72BC718C400D9104C /* Build configuration list for PBXNativeTarget "Test_CarsoUITests" */ = {
			isa = XCConfigurationList;
			buildConfigurations = (
				203995E82BC718C400D9104C /* Debug */,
				203995E92BC718C400D9104C /* Release */,
			);
			defaultConfigurationIsVisible = 0;
			defaultConfigurationName = Release;
		};
/* End XCConfigurationList section */
	};
	rootObject = 203995B52BC718C100D9104C /* Project object */;
}
